
Microsoft Visual Studio Solution File, Format Version 12.00
# Visual Studio 2013
VisualStudioVersion = 12.0.30501.0
MinimumVisualStudioVersion = 10.0.40219.1
Project("{FAE04EC0-301F-11D3-BF4B-00C04F79EFBC}") = "FM-Grupo2", "FM-Grupo2\FM-Grupo2.csproj", "{3418C5E3-D54F-479E-9D66-EF27F696200A}"
EndProject
Project("{2150E333-8FDC-42A3-9474-1A3956D46DE8}") = ".nuget", ".nuget", "{6CC165B5-8CC9-4AFC-9008-C64F1742D8E7}"
	ProjectSection(SolutionItems) = preProject
		.nuget\NuGet.Config = .nuget\NuGet.Config
		.nuget\NuGet.exe = .nuget\NuGet.exe
		.nuget\NuGet.targets = .nuget\NuGet.targets
	EndProjectSection
EndProject
Global
	GlobalSection(SolutionConfigurationPlatforms) = preSolution
		Debug|Any CPU = Debug|Any CPU
		Release|Any CPU = Release|Any CPU
	EndGlobalSection
	GlobalSection(ProjectConfigurationPlatforms) = postSolution
		{3418C5E3-D54F-479E-9D66-EF27F696200A}.Debug|Any CPU.ActiveCfg = Debug|Any CPU
		{3418C5E3-D54F-479E-9D66-EF27F696200A}.Debug|Any CPU.Build.0 = Debug|Any CPU
		{3418C5E3-D54F-479E-9D66-EF27F696200A}.Release|Any CPU.ActiveCfg = Release|Any CPU
		{3418C5E3-D54F-479E-9D66-EF27F696200A}.Release|Any CPU.Build.0 = Release|Any CPU
	EndGlobalSection
	GlobalSection(SolutionProperties) = preSolution
		HideSolutionNode = FALSE
	EndGlobalSection
EndGlobal
